// !$*UTF8*$!
{
	archiveVersion = 1;
	classes = {
	};
	objectVersion = 46;
	objects = {

/* Begin PBXBuildFile section */
		8E2471301C055EBA00CB662B /* AppDelegate.swift in Sources */ = {isa = PBXBuildFile; fileRef = 8E24712F1C055EBA00CB662B /* AppDelegate.swift */; };
		8E2471321C055EBA00CB662B /* ViewController.swift in Sources */ = {isa = PBXBuildFile; fileRef = 8E2471311C055EBA00CB662B /* ViewController.swift */; };
		8E2471351C055EBA00CB662B /* Main.storyboard in Resources */ = {isa = PBXBuildFile; fileRef = 8E2471331C055EBA00CB662B /* Main.storyboard */; };
		8E2471371C055EBA00CB662B /* Assets.xcassets in Resources */ = {isa = PBXBuildFile; fileRef = 8E2471361C055EBA00CB662B /* Assets.xcassets */; };
		8E24713A1C055EBA00CB662B /* LaunchScreen.storyboard in Resources */ = {isa = PBXBuildFile; fileRef = 8E2471381C055EBA00CB662B /* LaunchScreen.storyboard */; };
		8E2471451C055EBA00CB662B /* RSFastTests.swift in Sources */ = {isa = PBXBuildFile; fileRef = 8E2471441C055EBA00CB662B /* RSFastTests.swift */; };
		8E2471501C055EBA00CB662B /* RSFastUITests.swift in Sources */ = {isa = PBXBuildFile; fileRef = 8E24714F1C055EBA00CB662B /* RSFastUITests.swift */; };
		8E24716A1C0564EB00CB662B /* RSBaseMainViewControllerNormal.m in Sources */ = {isa = PBXBuildFile; fileRef = 8E2471611C0564EB00CB662B /* RSBaseMainViewControllerNormal.m */; settings = {ASSET_TAGS = (); }; };
		8E24716B1C0564EB00CB662B /* RSBaseNavigationController.m in Sources */ = {isa = PBXBuildFile; fileRef = 8E2471631C0564EB00CB662B /* RSBaseNavigationController.m */; settings = {ASSET_TAGS = (); }; };
		8E24716C1C0564EB00CB662B /* RSBaseTableCell.m in Sources */ = {isa = PBXBuildFile; fileRef = 8E2471651C0564EB00CB662B /* RSBaseTableCell.m */; settings = {ASSET_TAGS = (); }; };
		8E24716D1C0564EB00CB662B /* RSBaseViewController.m in Sources */ = {isa = PBXBuildFile; fileRef = 8E2471671C0564EB00CB662B /* RSBaseViewController.m */; settings = {ASSET_TAGS = (); }; };
		8E24716E1C0564EB00CB662B /* RSBaseViewControllerNormal.m in Sources */ = {isa = PBXBuildFile; fileRef = 8E2471691C0564EB00CB662B /* RSBaseViewControllerNormal.m */; settings = {ASSET_TAGS = (); }; };
		B9008DF425F43D7FE7643DC7 /* libPods.a in Frameworks */ = {isa = PBXBuildFile; fileRef = 8903DBF24BF4F8F268A162DE /* libPods.a */; };
/* End PBXBuildFile section */

/* Begin PBXContainerItemProxy section */
		8E2471411C055EBA00CB662B /* PBXContainerItemProxy */ = {
			isa = PBXContainerItemProxy;
			containerPortal = 8E2471241C055EBA00CB662B /* Project object */;
			proxyType = 1;
			remoteGlobalIDString = 8E24712B1C055EBA00CB662B;
			remoteInfo = RSFast;
		};
		8E24714C1C055EBA00CB662B /* PBXContainerItemProxy */ = {
			isa = PBXContainerItemProxy;
			containerPortal = 8E2471241C055EBA00CB662B /* Project object */;
			proxyType = 1;
			remoteGlobalIDString = 8E24712B1C055EBA00CB662B;
			remoteInfo = RSFast;
		};
/* End PBXContainerItemProxy section */

/* Begin PBXFileReference section */
		1C6E99A3BFAFCE1B16B3949E /* Pods.release.xcconfig */ = {isa = PBXFileReference; includeInIndex = 1; lastKnownFileType = text.xcconfig; name = Pods.release.xcconfig; path = "Pods/Target Support Files/Pods/Pods.release.xcconfig"; sourceTree = "<group>"; };
		8903DBF24BF4F8F268A162DE /* libPods.a */ = {isa = PBXFileReference; explicitFileType = archive.ar; includeInIndex = 0; path = libPods.a; sourceTree = BUILT_PRODUCTS_DIR; };
		8E24712C1C055EBA00CB662B /* RSFast.app */ = {isa = PBXFileReference; explicitFileType = wrapper.application; includeInIndex = 0; path = RSFast.app; sourceTree = BUILT_PRODUCTS_DIR; };
		8E24712F1C055EBA00CB662B /* AppDelegate.swift */ = {isa = PBXFileReference; lastKnownFileType = sourcecode.swift; path = AppDelegate.swift; sourceTree = "<group>"; };
		8E2471311C055EBA00CB662B /* ViewController.swift */ = {isa = PBXFileReference; lastKnownFileType = sourcecode.swift; path = ViewController.swift; sourceTree = "<group>"; };
		8E2471341C055EBA00CB662B /* Base */ = {isa = PBXFileReference; lastKnownFileType = file.storyboard; name = Base; path = Base.lproj/Main.storyboard; sourceTree = "<group>"; };
		8E2471361C055EBA00CB662B /* Assets.xcassets */ = {isa = PBXFileReference; lastKnownFileType = folder.assetcatalog; path = Assets.xcassets; sourceTree = "<group>"; };
		8E2471391C055EBA00CB662B /* Base */ = {isa = PBXFileReference; lastKnownFileType = file.storyboard; name = Base; path = Base.lproj/LaunchScreen.storyboard; sourceTree = "<group>"; };
		8E24713B1C055EBA00CB662B /* Info.plist */ = {isa = PBXFileReference; lastKnownFileType = text.plist.xml; path = Info.plist; sourceTree = "<group>"; };
		8E2471401C055EBA00CB662B /* RSFastTests.xctest */ = {isa = PBXFileReference; explicitFileType = wrapper.cfbundle; includeInIndex = 0; path = RSFastTests.xctest; sourceTree = BUILT_PRODUCTS_DIR; };
		8E2471441C055EBA00CB662B /* RSFastTests.swift */ = {isa = PBXFileReference; lastKnownFileType = sourcecode.swift; path = RSFastTests.swift; sourceTree = "<group>"; };
		8E2471461C055EBA00CB662B /* Info.plist */ = {isa = PBXFileReference; lastKnownFileType = text.plist.xml; path = Info.plist; sourceTree = "<group>"; };
		8E24714B1C055EBA00CB662B /* RSFastUITests.xctest */ = {isa = PBXFileReference; explicitFileType = wrapper.cfbundle; includeInIndex = 0; path = RSFastUITests.xctest; sourceTree = BUILT_PRODUCTS_DIR; };
		8E24714F1C055EBA00CB662B /* RSFastUITests.swift */ = {isa = PBXFileReference; lastKnownFileType = sourcecode.swift; path = RSFastUITests.swift; sourceTree = "<group>"; };
		8E2471511C055EBA00CB662B /* Info.plist */ = {isa = PBXFileReference; lastKnownFileType = text.plist.xml; path = Info.plist; sourceTree = "<group>"; };
		8E24715F1C0564EA00CB662B /* RSFast-Bridging-Header.h */ = {isa = PBXFileReference; lastKnownFileType = sourcecode.c.h; path = "RSFast-Bridging-Header.h"; sourceTree = "<group>"; };
		8E2471601C0564EB00CB662B /* RSBaseMainViewControllerNormal.h */ = {isa = PBXFileReference; fileEncoding = 4; lastKnownFileType = sourcecode.c.h; path = RSBaseMainViewControllerNormal.h; sourceTree = "<group>"; };
		8E2471611C0564EB00CB662B /* RSBaseMainViewControllerNormal.m */ = {isa = PBXFileReference; fileEncoding = 4; lastKnownFileType = sourcecode.c.objc; path = RSBaseMainViewControllerNormal.m; sourceTree = "<group>"; };
		8E2471621C0564EB00CB662B /* RSBaseNavigationController.h */ = {isa = PBXFileReference; fileEncoding = 4; lastKnownFileType = sourcecode.c.h; path = RSBaseNavigationController.h; sourceTree = "<group>"; };
		8E2471631C0564EB00CB662B /* RSBaseNavigationController.m */ = {isa = PBXFileReference; fileEncoding = 4; lastKnownFileType = sourcecode.c.objc; path = RSBaseNavigationController.m; sourceTree = "<group>"; };
		8E2471641C0564EB00CB662B /* RSBaseTableCell.h */ = {isa = PBXFileReference; fileEncoding = 4; lastKnownFileType = sourcecode.c.h; path = RSBaseTableCell.h; sourceTree = "<group>"; };
		8E2471651C0564EB00CB662B /* RSBaseTableCell.m */ = {isa = PBXFileReference; fileEncoding = 4; lastKnownFileType = sourcecode.c.objc; path = RSBaseTableCell.m; sourceTree = "<group>"; };
		8E2471661C0564EB00CB662B /* RSBaseViewController.h */ = {isa = PBXFileReference; fileEncoding = 4; lastKnownFileType = sourcecode.c.h; path = RSBaseViewController.h; sourceTree = "<group>"; };
		8E2471671C0564EB00CB662B /* RSBaseViewController.m */ = {isa = PBXFileReference; fileEncoding = 4; lastKnownFileType = sourcecode.c.objc; path = RSBaseViewController.m; sourceTree = "<group>"; };
		8E2471681C0564EB00CB662B /* RSBaseViewControllerNormal.h */ = {isa = PBXFileReference; fileEncoding = 4; lastKnownFileType = sourcecode.c.h; path = RSBaseViewControllerNormal.h; sourceTree = "<group>"; };
		8E2471691C0564EB00CB662B /* RSBaseViewControllerNormal.m */ = {isa = PBXFileReference; fileEncoding = 4; lastKnownFileType = sourcecode.c.objc; path = RSBaseViewControllerNormal.m; sourceTree = "<group>"; };
		A2B30A8263C4D8809638CD54 /* Pods.debug.xcconfig */ = {isa = PBXFileReference; includeInIndex = 1; lastKnownFileType = text.xcconfig; name = Pods.debug.xcconfig; path = "Pods/Target Support Files/Pods/Pods.debug.xcconfig"; sourceTree = "<group>"; };
/* End PBXFileReference section */

/* Begin PBXFrameworksBuildPhase section */
		8E2471291C055EBA00CB662B /* Frameworks */ = {
			isa = PBXFrameworksBuildPhase;
			buildActionMask = 2147483647;
			files = (
				B9008DF425F43D7FE7643DC7 /* libPods.a in Frameworks */,
			);
			runOnlyForDeploymentPostprocessing = 0;
		};
		8E24713D1C055EBA00CB662B /* Frameworks */ = {
			isa = PBXFrameworksBuildPhase;
			buildActionMask = 2147483647;
			files = (
			);
			runOnlyForDeploymentPostprocessing = 0;
		};
		8E2471481C055EBA00CB662B /* Frameworks */ = {
			isa = PBXFrameworksBuildPhase;
			buildActionMask = 2147483647;
			files = (
			);
			runOnlyForDeploymentPostprocessing = 0;
		};
/* End PBXFrameworksBuildPhase section */

/* Begin PBXGroup section */
		5139C6001AE85F7B5BCB23F2 /* Pods */ = {
			isa = PBXGroup;
			children = (
				A2B30A8263C4D8809638CD54 /* Pods.debug.xcconfig */,
				1C6E99A3BFAFCE1B16B3949E /* Pods.release.xcconfig */,
			);
			name = Pods;
			sourceTree = "<group>";
		};
		60C980DAFCA9A4F7CA64B163 /* Frameworks */ = {
			isa = PBXGroup;
			children = (
				8903DBF24BF4F8F268A162DE /* libPods.a */,
			);
			name = Frameworks;
			sourceTree = "<group>";
		};
		8E2471231C055EBA00CB662B = {
			isa = PBXGroup;
			children = (
				8E24715D1C05636600CB662B /* RSUI */,
				8E24712E1C055EBA00CB662B /* RSFast */,
				8E2471431C055EBA00CB662B /* RSFastTests */,
				8E24714E1C055EBA00CB662B /* RSFastUITests */,
				8E24712D1C055EBA00CB662B /* Products */,
				5139C6001AE85F7B5BCB23F2 /* Pods */,
				60C980DAFCA9A4F7CA64B163 /* Frameworks */,
			);
			sourceTree = "<group>";
		};
		8E24712D1C055EBA00CB662B /* Products */ = {
			isa = PBXGroup;
			children = (
				8E24712C1C055EBA00CB662B /* RSFast.app */,
				8E2471401C055EBA00CB662B /* RSFastTests.xctest */,
				8E24714B1C055EBA00CB662B /* RSFastUITests.xctest */,
			);
			name = Products;
			sourceTree = "<group>";
		};
		8E24712E1C055EBA00CB662B /* RSFast */ = {
			isa = PBXGroup;
			children = (
				8E24712F1C055EBA00CB662B /* AppDelegate.swift */,
				8E2471311C055EBA00CB662B /* ViewController.swift */,
				8E2471331C055EBA00CB662B /* Main.storyboard */,
				8E2471361C055EBA00CB662B /* Assets.xcassets */,
				8E2471381C055EBA00CB662B /* LaunchScreen.storyboard */,
				8E24713B1C055EBA00CB662B /* Info.plist */,
			);
			path = RSFast;
			sourceTree = "<group>";
		};
		8E2471431C055EBA00CB662B /* RSFastTests */ = {
			isa = PBXGroup;
			children = (
				8E2471441C055EBA00CB662B /* RSFastTests.swift */,
				8E2471461C055EBA00CB662B /* Info.plist */,
			);
			path = RSFastTests;
			sourceTree = "<group>";
		};
		8E24714E1C055EBA00CB662B /* RSFastUITests */ = {
			isa = PBXGroup;
			children = (
				8E24714F1C055EBA00CB662B /* RSFastUITests.swift */,
				8E2471511C055EBA00CB662B /* Info.plist */,
			);
			path = RSFastUITests;
			sourceTree = "<group>";
		};
		8E24715D1C05636600CB662B /* RSUI */ = {
			isa = PBXGroup;
			children = (
				8E2471601C0564EB00CB662B /* RSBaseMainViewControllerNormal.h */,
				8E2471611C0564EB00CB662B /* RSBaseMainViewControllerNormal.m */,
				8E2471621C0564EB00CB662B /* RSBaseNavigationController.h */,
				8E2471631C0564EB00CB662B /* RSBaseNavigationController.m */,
				8E2471641C0564EB00CB662B /* RSBaseTableCell.h */,
				8E2471651C0564EB00CB662B /* RSBaseTableCell.m */,
				8E2471661C0564EB00CB662B /* RSBaseViewController.h */,
				8E2471671C0564EB00CB662B /* RSBaseViewController.m */,
				8E2471681C0564EB00CB662B /* RSBaseViewControllerNormal.h */,
				8E2471691C0564EB00CB662B /* RSBaseViewControllerNormal.m */,
				8E24715F1C0564EA00CB662B /* RSFast-Bridging-Header.h */,
			);
			path = RSUI;
			sourceTree = "<group>";
		};
/* End PBXGroup section */

/* Begin PBXNativeTarget section */
		8E24712B1C055EBA00CB662B /* RSFast */ = {
			isa = PBXNativeTarget;
			buildConfigurationList = 8E2471541C055EBA00CB662B /* Build configuration list for PBXNativeTarget "RSFast" */;
			buildPhases = (
				AF044779CE1005DED48FE651 /* Check Pods Manifest.lock */,
				8E2471281C055EBA00CB662B /* Sources */,
				8E2471291C055EBA00CB662B /* Frameworks */,
				8E24712A1C055EBA00CB662B /* Resources */,
				26556F9BB1E4B0389953A5CA /* Embed Pods Frameworks */,
				0AFD25210117B7E5C344DFBB /* Copy Pods Resources */,
			);
			buildRules = (
			);
			dependencies = (
			);
			name = RSFast;
			productName = RSFast;
			productReference = 8E24712C1C055EBA00CB662B /* RSFast.app */;
			productType = "com.apple.product-type.application";
		};
		8E24713F1C055EBA00CB662B /* RSFastTests */ = {
			isa = PBXNativeTarget;
			buildConfigurationList = 8E2471571C055EBA00CB662B /* Build configuration list for PBXNativeTarget "RSFastTests" */;
			buildPhases = (
				8E24713C1C055EBA00CB662B /* Sources */,
				8E24713D1C055EBA00CB662B /* Frameworks */,
				8E24713E1C055EBA00CB662B /* Resources */,
			);
			buildRules = (
			);
			dependencies = (
				8E2471421C055EBA00CB662B /* PBXTargetDependency */,
			);
			name = RSFastTests;
			productName = RSFastTests;
			productReference = 8E2471401C055EBA00CB662B /* RSFastTests.xctest */;
			productType = "com.apple.product-type.bundle.unit-test";
		};
		8E24714A1C055EBA00CB662B /* RSFastUITests */ = {
			isa = PBXNativeTarget;
			buildConfigurationList = 8E24715A1C055EBA00CB662B /* Build configuration list for PBXNativeTarget "RSFastUITests" */;
			buildPhases = (
				8E2471471C055EBA00CB662B /* Sources */,
				8E2471481C055EBA00CB662B /* Frameworks */,
				8E2471491C055EBA00CB662B /* Resources */,
			);
			buildRules = (
			);
			dependencies = (
				8E24714D1C055EBA00CB662B /* PBXTargetDependency */,
			);
			name = RSFastUITests;
			productName = RSFastUITests;
			productReference = 8E24714B1C055EBA00CB662B /* RSFastUITests.xctest */;
			productType = "com.apple.product-type.bundle.ui-testing";
		};
/* End PBXNativeTarget section */

/* Begin PBXProject section */
		8E2471241C055EBA00CB662B /* Project object */ = {
			isa = PBXProject;
			attributes = {
				LastSwiftUpdateCheck = 0700;
				LastUpgradeCheck = 0700;
				ORGANIZATIONNAME = rason;
				TargetAttributes = {
					8E24712B1C055EBA00CB662B = {
						CreatedOnToolsVersion = 7.0;
					};
					8E24713F1C055EBA00CB662B = {
						CreatedOnToolsVersion = 7.0;
						TestTargetID = 8E24712B1C055EBA00CB662B;
					};
					8E24714A1C055EBA00CB662B = {
						CreatedOnToolsVersion = 7.0;
						TestTargetID = 8E24712B1C055EBA00CB662B;
					};
				};
			};
			buildConfigurationList = 8E2471271C055EBA00CB662B /* Build configuration list for PBXProject "RSFast" */;
			compatibilityVersion = "Xcode 3.2";
			developmentRegion = English;
			hasScannedForEncodings = 0;
			knownRegions = (
				en,
				Base,
			);
			mainGroup = 8E2471231C055EBA00CB662B;
			productRefGroup = 8E24712D1C055EBA00CB662B /* Products */;
			projectDirPath = "";
			projectRoot = "";
			targets = (
				8E24712B1C055EBA00CB662B /* RSFast */,
				8E24713F1C055EBA00CB662B /* RSFastTests */,
				8E24714A1C055EBA00CB662B /* RSFastUITests */,
			);
		};
/* End PBXProject section */

/* Begin PBXResourcesBuildPhase section */
		8E24712A1C055EBA00CB662B /* Resources */ = {
			isa = PBXResourcesBuildPhase;
			buildActionMask = 2147483647;
			files = (
				8E24713A1C055EBA00CB662B /* LaunchScreen.storyboard in Resources */,
				8E2471371C055EBA00CB662B /* Assets.xcassets in Resources */,
				8E2471351C055EBA00CB662B /* Main.storyboard in Resources */,
			);
			runOnlyForDeploymentPostprocessing = 0;
		};
		8E24713E1C055EBA00CB662B /* Resources */ = {
			isa = PBXResourcesBuildPhase;
			buildActionMask = 2147483647;
			files = (
			);
			runOnlyForDeploymentPostprocessing = 0;
		};
		8E2471491C055EBA00CB662B /* Resources */ = {
			isa = PBXResourcesBuildPhase;
			buildActionMask = 2147483647;
			files = (
			);
			runOnlyForDeploymentPostprocessing = 0;
		};
/* End PBXResourcesBuildPhase section */

/* Begin PBXShellScriptBuildPhase section */
		0AFD25210117B7E5C344DFBB /* Copy Pods Resources */ = {
			isa = PBXShellScriptBuildPhase;
			buildActionMask = 2147483647;
			files = (
			);
			inputPaths = (
			);
			name = "Copy Pods Resources";
			outputPaths = (
			);
			runOnlyForDeploymentPostprocessing = 0;
			shellPath = /bin/sh;
			shellScript = "\"${SRCROOT}/Pods/Target Support Files/Pods/Pods-resources.sh\"\n";
			showEnvVarsInLog = 0;
		};
		26556F9BB1E4B0389953A5CA /* Embed Pods Frameworks */ = {
			isa = PBXShellScriptBuildPhase;
			buildActionMask = 2147483647;
			files = (
			);
			inputPaths = (
			);
			name = "Embed Pods Frameworks";
			outputPaths = (
			);
			runOnlyForDeploymentPostprocessing = 0;
			shellPath = /bin/sh;
			shellScript = "\"${SRCROOT}/Pods/Target Support Files/Pods/Pods-frameworks.sh\"\n";
			showEnvVarsInLog = 0;
		};
		AF044779CE1005DED48FE651 /* Check Pods Manifest.lock */ = {
			isa = PBXShellScriptBuildPhase;
			buildActionMask = 2147483647;
			files = (
			);
			inputPaths = (
			);
			name = "Check Pods Manifest.lock";
			outputPaths = (
			);
			runOnlyForDeploymentPostprocessing = 0;
			shellPath = /bin/sh;
			shellScript = "diff \"${PODS_ROOT}/../Podfile.lock\" \"${PODS_ROOT}/Manifest.lock\" > /dev/null\nif [[ $? != 0 ]] ; then\n    cat << EOM\nerror: The sandbox is not in sync with the Podfile.lock. Run 'pod install' or update your CocoaPods installation.\nEOM\n    exit 1\nfi\n";
			showEnvVarsInLog = 0;
		};
/* End PBXShellScriptBuildPhase section */

/* Begin PBXSourcesBuildPhase section */
		8E2471281C055EBA00CB662B /* Sources */ = {
			isa = PBXSourcesBuildPhase;
			buildActionMask = 2147483647;
			files = (
				8E2471321C055EBA00CB662B /* ViewController.swift in Sources */,
				8E24716C1C0564EB00CB662B /* RSBaseTableCell.m in Sources */,
				8E24716E1C0564EB00CB662B /* RSBaseViewControllerNormal.m in Sources */,
				8E2471301C055EBA00CB662B /* AppDelegate.swift in Sources */,
				8E24716A1C0564EB00CB662B /* RSBaseMainViewControllerNormal.m in Sources */,
				8E24716D1C0564EB00CB662B /* RSBaseViewController.m in Sources */,
				8E24716B1C0564EB00CB662B /* RSBaseNavigationController.m in Sources */,
			);
			runOnlyForDeploymentPostprocessing = 0;
		};
		8E24713C1C055EBA00CB662B /* Sources */ = {
			isa = PBXSourcesBuildPhase;
			buildActionMask = 2147483647;
			files = (
				8E2471451C055EBA00CB662B /* RSFastTests.swift in Sources */,
			);
			runOnlyForDeploymentPostprocessing = 0;
		};
		8E2471471C055EBA00CB662B /* Sources */ = {
			isa = PBXSourcesBuildPhase;
			buildActionMask = 2147483647;
			files = (
				8E2471501C055EBA00CB662B /* RSFastUITests.swift in Sources */,
			);
			runOnlyForDeploymentPostprocessing = 0;
		};
/* End PBXSourcesBuildPhase section */

/* Begin PBXTargetDependency section */
		8E2471421C055EBA00CB662B /* PBXTargetDependency */ = {
			isa = PBXTargetDependency;
			target = 8E24712B1C055EBA00CB662B /* RSFast */;
			targetProxy = 8E2471411C055EBA00CB662B /* PBXContainerItemProxy */;
		};
		8E24714D1C055EBA00CB662B /* PBXTargetDependency */ = {
			isa = PBXTargetDependency;
			target = 8E24712B1C055EBA00CB662B /* RSFast */;
			targetProxy = 8E24714C1C055EBA00CB662B /* PBXContainerItemProxy */;
		};
/* End PBXTargetDependency section */

/* Begin PBXVariantGroup section */
		8E2471331C055EBA00CB662B /* Main.storyboard */ = {
			isa = PBXVariantGroup;
			children = (
				8E2471341C055EBA00CB662B /* Base */,
			);
			name = Main.storyboard;
			sourceTree = "<group>";
		};
		8E2471381C055EBA00CB662B /* LaunchScreen.storyboard */ = {
			isa = PBXVariantGroup;
			children = (
				8E2471391C055EBA00CB662B /* Base */,
			);
			name = LaunchScreen.storyboard;
			sourceTree = "<group>";
		};
/* End PBXVariantGroup section */

/* Begin XCBuildConfiguration section */
		8E2471521C055EBA00CB662B /* Debug */ = {
			isa = XCBuildConfiguration;
			buildSettings = {
				ALWAYS_SEARCH_USER_PATHS = NO;
				CLANG_CXX_LANGUAGE_STANDARD = "gnu++0x";
				CLANG_CXX_LIBRARY = "libc++";
				CLANG_ENABLE_MODULES = YES;
				CLANG_ENABLE_OBJC_ARC = YES;
				CLANG_WARN_BOOL_CONVERSION = YES;
				CLANG_WARN_CONSTANT_CONVERSION = YES;
				CLANG_WARN_DIRECT_OBJC_ISA_USAGE = YES_ERROR;
				CLANG_WARN_EMPTY_BODY = YES;
				CLANG_WARN_ENUM_CONVERSION = YES;
				CLANG_WARN_INT_CONVERSION = YES;
				CLANG_WARN_OBJC_ROOT_CLASS = YES_ERROR;
				CLANG_WARN_UNREACHABLE_CODE = YES;
				CLANG_WARN__DUPLICATE_METHOD_MATCH = YES;
				"CODE_SIGN_IDENTITY[sdk=iphoneos*]" = "iPhone Developer";
				COPY_PHASE_STRIP = NO;
				DEBUG_INFORMATION_FORMAT = dwarf;
				ENABLE_STRICT_OBJC_MSGSEND = YES;
				ENABLE_TESTABILITY = YES;
				GCC_C_LANGUAGE_STANDARD = gnu99;
				GCC_DYNAMIC_NO_PIC = NO;
				GCC_NO_COMMON_BLOCKS = YES;
				GCC_OPTIMIZATION_LEVEL = 0;
				GCC_PREPROCESSOR_DEFINITIONS = (
					"DEBUG=1",
					"$(inherited)",
				);
				GCC_WARN_64_TO_32_BIT_CONVERSION = YES;
				GCC_WARN_ABOUT_RETURN_TYPE = YES_ERROR;
				GCC_WARN_UNDECLARED_SELECTOR = YES;
				GCC_WARN_UNINITIALIZED_AUTOS = YES_AGGRESSIVE;
				GCC_WARN_UNUSED_FUNCTION = YES;
				GCC_WARN_UNUSED_VARIABLE = YES;
				IPHONEOS_DEPLOYMENT_TARGET = 9.0;
				MTL_ENABLE_DEBUG_INFO = YES;
				ONLY_ACTIVE_ARCH = YES;
				SDKROOT = iphoneos;
				SWIFT_OPTIMIZATION_LEVEL = "-Onone";
				TARGETED_DEVICE_FAMILY = "1,2";
			};
			name = Debug;
		};
		8E2471531C055EBA00CB662B /* Release */ = {
			isa = XCBuildConfiguration;
			buildSettings = {
				ALWAYS_SEARCH_USER_PATHS = NO;
				CLANG_CXX_LANGUAGE_STANDARD = "gnu++0x";
				CLANG_CXX_LIBRARY = "libc++";
				CLANG_ENABLE_MODULES = YES;
				CLANG_ENABLE_OBJC_ARC = YES;
				CLANG_WARN_BOOL_CONVERSION = YES;
				CLANG_WARN_CONSTANT_CONVERSION = YES;
				CLANG_WARN_DIRECT_OBJC_ISA_USAGE = YES_ERROR;
				CLANG_WARN_EMPTY_BODY = YES;
				CLANG_WARN_ENUM_CONVERSION = YES;
				CLANG_WARN_INT_CONVERSION = YES;
				CLANG_WARN_OBJC_ROOT_CLASS = YES_ERROR;
				CLANG_WARN_UNREACHABLE_CODE = YES;
				CLANG_WARN__DUPLICATE_METHOD_MATCH = YES;
				"CODE_SIGN_IDENTITY[sdk=iphoneos*]" = "iPhone Developer";
				COPY_PHASE_STRIP = NO;
				DEBUG_INFORMATION_FORMAT = "dwarf-with-dsym";
				ENABLE_NS_ASSERTIONS = NO;
				ENABLE_STRICT_OBJC_MSGSEND = YES;
				GCC_C_LANGUAGE_STANDARD = gnu99;
				GCC_NO_COMMON_BLOCKS = YES;
				GCC_WARN_64_TO_32_BIT_CONVERSION = YES;
				GCC_WARN_ABOUT_RETURN_TYPE = YES_ERROR;
				GCC_WARN_UNDECLARED_SELECTOR = YES;
				GCC_WARN_UNINITIALIZED_AUTOS = YES_AGGRESSIVE;
				GCC_WARN_UNUSED_FUNCTION = YES;
				GCC_WARN_UNUSED_VARIABLE = YES;
				IPHONEOS_DEPLOYMENT_TARGET = 9.0;
				MTL_ENABLE_DEBUG_INFO = NO;
				SDKROOT = iphoneos;
				TARGETED_DEVICE_FAMILY = "1,2";
				VALIDATE_PRODUCT = YES;
			};
			name = Release;
		};
		8E2471551C055EBA00CB662B /* Debug */ = {
			isa = XCBuildConfiguration;
			baseConfigurationReference = A2B30A8263C4D8809638CD54 /* Pods.debug.xcconfig */;
			buildSettings = {
				ASSETCATALOG_COMPILER_APPICON_NAME = AppIcon;
				CLANG_ENABLE_MODULES = YES;
				INFOPLIST_FILE = RSFast/Info.plist;
				LD_RUNPATH_SEARCH_PATHS = "$(inherited) @executable_path/Frameworks";
				PRODUCT_BUNDLE_IDENTIFIER = rason.RSFast;
				PRODUCT_NAME = "$(TARGET_NAME)";
				SWIFT_OBJC_BRIDGING_HEADER = "RSUI/RSFast-Bridging-Header.h";
				SWIFT_OPTIMIZATION_LEVEL = "-Onone";
			};
			name = Debug;
		};
		8E2471561C055EBA00CB662B /* Release */ = {
			isa = XCBuildConfiguration;
			baseConfigurationReference = 1C6E99A3BFAFCE1B16B3949E /* Pods.release.xcconfig */;
			buildSettings = {
				ASSETCATALOG_COMPILER_APPICON_NAME = AppIcon;
				CLANG_ENABLE_MODULES = YES;
				INFOPLIST_FILE = RSFast/Info.plist;
				LD_RUNPATH_SEARCH_PATHS = "$(inherited) @executable_path/Frameworks";
				PRODUCT_BUNDLE_IDENTIFIER = rason.RSFast;
				PRODUCT_NAME = "$(TARGET_NAME)";
				SWIFT_OBJC_BRIDGING_HEADER = "RSUI/RSFast-Bridging-Header.h";
			};
			name = Release;
		};
		8E2471581C055EBA00CB662B /* Debug */ = {
			isa = XCBuildConfiguration;
			buildSettings = {
				BUNDLE_LOADER = "$(TEST_HOST)";
				INFOPLIST_FILE = RSFastTests/Info.plist;
				LD_RUNPATH_SEARCH_PATHS = "$(inherited) @executable_path/Frameworks @loader_path/Frameworks";
				PRODUCT_BUNDLE_IDENTIFIER = rason.RSFastTests;
				PRODUCT_NAME = "$(TARGET_NAME)";
				TEST_HOST = "$(BUILT_PRODUCTS_DIR)/RSFast.app/RSFast";
			};
			name = Debug;
		};
		8E2471591C055EBA00CB662B /* Release */ = {
			isa = XCBuildConfiguration;
			buildSettings = {
				BUNDLE_LOADER = "$(TEST_HOST)";
				INFOPLIST_FILE = RSFastTests/Info.plist;
				LD_RUNPATH_SEARCH_PATHS = "$(inherited) @executable_path/Frameworks @loader_path/Frameworks";
				PRODUCT_BUNDLE_IDENTIFIER = rason.RSFastTests;
				PRODUCT_NAME = "$(TARGET_NAME)";
				TEST_HOST = "$(BUILT_PRODUCTS_DIR)/RSFast.app/RSFast";
			};
			name = Release;
		};
		8E24715B1C055EBA00CB662B /* Debug */ = {
			isa = XCBuildConfiguration;
			buildSettings = {
				INFOPLIST_FILE = RSFastUITests/Info.plist;
				LD_RUNPATH_SEARCH_PATHS = "$(inherited) @executable_path/Frameworks @loader_path/Frameworks";
				PRODUCT_BUNDLE_IDENTIFIER = rason.RSFastUITests;
				PRODUCT_NAME = "$(TARGET_NAME)";
				TEST_TARGET_NAME = RSFast;
				USES_XCTRUNNER = YES;
			};
			name = Debug;
		};
		8E24715C1C055EBA00CB662B /* Release */ = {
			isa = XCBuildConfiguration;
			buildSettings = {
				INFOPLIST_FILE = RSFastUITests/Info.plist;
				LD_RUNPATH_SEARCH_PATHS = "$(inherited) @executable_path/Frameworks @loader_path/Frameworks";
				PRODUCT_BUNDLE_IDENTIFIER = rason.RSFastUITests;
				PRODUCT_NAME = "$(TARGET_NAME)";
				TEST_TARGET_NAME = RSFast;
				USES_XCTRUNNER = YES;
			};
			name = Release;
		};
/* End XCBuildConfiguration section */

/* Begin XCConfigurationList section */
		8E2471271C055EBA00CB662B /* Build configuration list for PBXProject "RSFast" */ = {
			isa = XCConfigurationList;
			buildConfigurations = (
				8E2471521C055EBA00CB662B /* Debug */,
				8E2471531C055EBA00CB662B /* Release */,
			);
			defaultConfigurationIsVisible = 0;
			defaultConfigurationName = Release;
		};
		8E2471541C055EBA00CB662B /* Build configuration list for PBXNativeTarget "RSFast" */ = {
			isa = XCConfigurationList;
			buildConfigurations = (
				8E2471551C055EBA00CB662B /* Debug */,
				8E2471561C055EBA00CB662B /* Release */,
			);
			defaultConfigurationIsVisible = 0;
			defaultConfigurationName = Release;
		};
		8E2471571C055EBA00CB662B /* Build configuration list for PBXNativeTarget "RSFastTests" */ = {
			isa = XCConfigurationList;
			buildConfigurations = (
				8E2471581C055EBA00CB662B /* Debug */,
				8E2471591C055EBA00CB662B /* Release */,
			);
			defaultConfigurationIsVisible = 0;
			defaultConfigurationName = Release;
		};
		8E24715A1C055EBA00CB662B /* Build configuration list for PBXNativeTarget "RSFastUITests" */ = {
			isa = XCConfigurationList;
			buildConfigurations = (
				8E24715B1C055EBA00CB662B /* Debug */,
				8E24715C1C055EBA00CB662B /* Release */,
			);
			defaultConfigurationIsVisible = 0;
			defaultConfigurationName = Release;
		};
/* End XCConfigurationList section */
	};
	rootObject = 8E2471241C055EBA00CB662B /* Project object */;
}
